Microsoft Visual Studio Solution File, Format Version 12.00
# Visual Studio Version 17
VisualStudioVersion = 17.5.2.0
MinimumVisualStudioVersion = 10.0.40219.1
Project("{FAE04EC0-301F-11D3-BF4B-00C04F79EFBC}") = "cob.regressivo.CLI", "cob.regressivo.CLI.csproj", "{4FA589BE-BE84-0C82-2FE7-BB655CCFE2C9}"
EndProject
Global
	GlobalSection(SolutionConfigurationPlatforms) = preSolution
		Debug|Any CPU = Debug|Any CPU
		Release|Any CPU = Release|Any CPU
	EndGlobalSection
	GlobalSection(ProjectConfigurationPlatforms) = postSolution
		{4FA589BE-BE84-0C82-2FE7-BB655CCFE2C9}.Debug|Any CPU.ActiveCfg = Debug|Any CPU
		{4FA589BE-BE84-0C82-2FE7-BB655CCFE2C9}.Debug|Any CPU.Build.0 = Debug|Any CPU
		{4FA589BE-BE84-0C82-2FE7-BB655CCFE2C9}.Release|Any CPU.ActiveCfg = Release|Any CPU
		{4FA589BE-BE84-0C82-2FE7-BB655CCFE2C9}.Release|Any CPU.Build.0 = Release|Any CPU
	EndGlobalSection
	GlobalSection(SolutionProperties) = preSolution
		HideSolutionNode = FALSE
	EndGlobalSection
	GlobalSection(ExtensibilityGlobals) = postSolution
		SolutionGuid = {5ED8E108-D199-42D0-B8F6-10A4E1C3F0CD}
	EndGlobalSection
EndGlobal
